
Microsoft Visual Studio Solution File, Format Version 12.00
# Visual Studio Version 17
VisualStudioVersion = 17.1.32421.90
MinimumVisualStudioVersion = 10.0.40219.1
Project("{9A19103F-16F7-4668-BE54-9A1E7A4F7556}") = "OneDriveDownloaderApp", "OneDriveDownloaderApp\OneDriveDownloaderApp.csproj", "{872FACBF-CB36-4E1B-8D51-BECE600F0D0F}"
EndProject
Project("{9A19103F-16F7-4668-BE54-9A1E7A4F7556}") = "OneDriveDownloader", "OneDriveDownloader\OneDriveDownloader.csproj", "{391A276B-500B-4CBE-95AE-93B4CA00339C}"
EndProject
Global
	GlobalSection(SolutionConfigurationPlatforms) = preSolution
		Debug|Any CPU = Debug|Any CPU
		Release|Any CPU = Release|Any CPU
	EndGlobalSection
	GlobalSection(ProjectConfigurationPlatforms) = postSolution
		{872FACBF-CB36-4E1B-8D51-BECE600F0D0F}.Debug|Any CPU.ActiveCfg = Debug|Any CPU
		{872FACBF-CB36-4E1B-8D51-BECE600F0D0F}.Debug|Any CPU.Build.0 = Debug|Any CPU
		{872FACBF-CB36-4E1B-8D51-BECE600F0D0F}.Release|Any CPU.ActiveCfg = Release|Any CPU
		{872FACBF-CB36-4E1B-8D51-BECE600F0D0F}.Release|Any CPU.Build.0 = Release|Any CPU
		{391A276B-500B-4CBE-95AE-93B4CA00339C}.Debug|Any CPU.ActiveCfg = Debug|Any CPU
		{391A276B-500B-4CBE-95AE-93B4CA00339C}.Debug|Any CPU.Build.0 = Debug|Any CPU
		{391A276B-500B-4CBE-95AE-93B4CA00339C}.Release|Any CPU.ActiveCfg = Release|Any CPU
		{391A276B-500B-4CBE-95AE-93B4CA00339C}.Release|Any CPU.Build.0 = Release|Any CPU
	EndGlobalSection
	GlobalSection(SolutionProperties) = preSolution
		HideSolutionNode = FALSE
	EndGlobalSection
	GlobalSection(ExtensibilityGlobals) = postSolution
		SolutionGuid = {FBD3F980-9E83-48D9-9AF6-D4DE4313494B}
	EndGlobalSection
EndGlobal
